
Microsoft Visual Studio Solution File, Format Version 12.00
# Visual Studio 15
VisualStudioVersion = 15.0.26124.0
MinimumVisualStudioVersion = 15.0.26124.0
Project("{FAE04EC0-301F-11D3-BF4B-00C04F79EFBC}") = "LotteryService", "LotteryService\LotteryService.csproj", "{640AA53B-D4DE-42DA-8A6A-A84A2B21F03C}"
EndProject
Project("{FAE04EC0-301F-11D3-BF4B-00C04F79EFBC}") = "LotteryService.Tests", "LotteryService.Tests\LotteryService.Tests.csproj", "{57DB238A-4C70-4EF6-ACC4-3ACB118C050C}"
EndProject
Global
	GlobalSection(SolutionConfigurationPlatforms) = preSolution
		Debug|Any CPU = Debug|Any CPU
		Debug|x64 = Debug|x64
		Debug|x86 = Debug|x86
		Release|Any CPU = Release|Any CPU
		Release|x64 = Release|x64
		Release|x86 = Release|x86
	EndGlobalSection
	GlobalSection(SolutionProperties) = preSolution
		HideSolutionNode = FALSE
	EndGlobalSection
	GlobalSection(ProjectConfigurationPlatforms) = postSolution
		{640AA53B-D4DE-42DA-8A6A-A84A2B21F03C}.Debug|Any CPU.ActiveCfg = Debug|Any CPU
		{640AA53B-D4DE-42DA-8A6A-A84A2B21F03C}.Debug|Any CPU.Build.0 = Debug|Any CPU
		{640AA53B-D4DE-42DA-8A6A-A84A2B21F03C}.Debug|x64.ActiveCfg = Debug|x64
		{640AA53B-D4DE-42DA-8A6A-A84A2B21F03C}.Debug|x64.Build.0 = Debug|x64
		{640AA53B-D4DE-42DA-8A6A-A84A2B21F03C}.Debug|x86.ActiveCfg = Debug|x86
		{640AA53B-D4DE-42DA-8A6A-A84A2B21F03C}.Debug|x86.Build.0 = Debug|x86
		{640AA53B-D4DE-42DA-8A6A-A84A2B21F03C}.Release|Any CPU.ActiveCfg = Release|Any CPU
		{640AA53B-D4DE-42DA-8A6A-A84A2B21F03C}.Release|Any CPU.Build.0 = Release|Any CPU
		{640AA53B-D4DE-42DA-8A6A-A84A2B21F03C}.Release|x64.ActiveCfg = Release|x64
		{640AA53B-D4DE-42DA-8A6A-A84A2B21F03C}.Release|x64.Build.0 = Release|x64
		{640AA53B-D4DE-42DA-8A6A-A84A2B21F03C}.Release|x86.ActiveCfg = Release|x86
		{640AA53B-D4DE-42DA-8A6A-A84A2B21F03C}.Release|x86.Build.0 = Release|x86
		{57DB238A-4C70-4EF6-ACC4-3ACB118C050C}.Debug|Any CPU.ActiveCfg = Debug|Any CPU
		{57DB238A-4C70-4EF6-ACC4-3ACB118C050C}.Debug|Any CPU.Build.0 = Debug|Any CPU
		{57DB238A-4C70-4EF6-ACC4-3ACB118C050C}.Debug|x64.ActiveCfg = Debug|x64
		{57DB238A-4C70-4EF6-ACC4-3ACB118C050C}.Debug|x64.Build.0 = Debug|x64
		{57DB238A-4C70-4EF6-ACC4-3ACB118C050C}.Debug|x86.ActiveCfg = Debug|x86
		{57DB238A-4C70-4EF6-ACC4-3ACB118C050C}.Debug|x86.Build.0 = Debug|x86
		{57DB238A-4C70-4EF6-ACC4-3ACB118C050C}.Release|Any CPU.ActiveCfg = Release|Any CPU
		{57DB238A-4C70-4EF6-ACC4-3ACB118C050C}.Release|Any CPU.Build.0 = Release|Any CPU
		{57DB238A-4C70-4EF6-ACC4-3ACB118C050C}.Release|x64.ActiveCfg = Release|x64
		{57DB238A-4C70-4EF6-ACC4-3ACB118C050C}.Release|x64.Build.0 = Release|x64
		{57DB238A-4C70-4EF6-ACC4-3ACB118C050C}.Release|x86.ActiveCfg = Release|x86
		{57DB238A-4C70-4EF6-ACC4-3ACB118C050C}.Release|x86.Build.0 = Release|x86
	EndGlobalSection
EndGlobal
